// !$*UTF8*$!
{
	archiveVersion = 1;
	classes = {
	};
	objectVersion = 46;
	objects = {

/* Begin PBXBuildFile section */
		CD06F8661E5D2CAF0044CEEF /* AppDelegate.swift in Sources */ = {isa = PBXBuildFile; fileRef = CD06F8651E5D2CAF0044CEEF /* AppDelegate.swift */; };
		CD06F8681E5D2CAF0044CEEF /* RegisterViewController.swift in Sources */ = {isa = PBXBuildFile; fileRef = CD06F8671E5D2CAF0044CEEF /* RegisterViewController.swift */; };
		CD06F86B1E5D2CAF0044CEEF /* Main.storyboard in Resources */ = {isa = PBXBuildFile; fileRef = CD06F8691E5D2CAF0044CEEF /* Main.storyboard */; };
		CD06F86D1E5D2CAF0044CEEF /* Assets.xcassets in Resources */ = {isa = PBXBuildFile; fileRef = CD06F86C1E5D2CAF0044CEEF /* Assets.xcassets */; };
		CD06F8701E5D2CAF0044CEEF /* LaunchScreen.storyboard in Resources */ = {isa = PBXBuildFile; fileRef = CD06F86E1E5D2CAF0044CEEF /* LaunchScreen.storyboard */; };
		CD06F8781E5DC3F60044CEEF /* RVC_BG.jpg in Resources */ = {isa = PBXBuildFile; fileRef = CD06F8771E5DC3F60044CEEF /* RVC_BG.jpg */; };
		CDC82BFE1E6DF79400AD8BAA /* LoginViewController.swift in Sources */ = {isa = PBXBuildFile; fileRef = CDC82BFD1E6DF79400AD8BAA /* LoginViewController.swift */; };
		CDC82C001E6DF7E100AD8BAA /* HomeViewController.swift in Sources */ = {isa = PBXBuildFile; fileRef = CDC82BFF1E6DF7E100AD8BAA /* HomeViewController.swift */; };
		CDC82C021E6DF7FA00AD8BAA /* SettingsViewController.swift in Sources */ = {isa = PBXBuildFile; fileRef = CDC82C011E6DF7FA00AD8BAA /* SettingsViewController.swift */; };
		CDC82C041E6DFE4400AD8BAA /* RecoverPasswordViewController.swift in Sources */ = {isa = PBXBuildFile; fileRef = CDC82C031E6DFE4400AD8BAA /* RecoverPasswordViewController.swift */; };
/* End PBXBuildFile section */

/* Begin PBXFileReference section */
		CD06F8621E5D2CAF0044CEEF /* SocialProject.app */ = {isa = PBXFileReference; explicitFileType = wrapper.application; includeInIndex = 0; path = SocialProject.app; sourceTree = BUILT_PRODUCTS_DIR; };
		CD06F8651E5D2CAF0044CEEF /* AppDelegate.swift */ = {isa = PBXFileReference; lastKnownFileType = sourcecode.swift; path = AppDelegate.swift; sourceTree = "<group>"; };
		CD06F8671E5D2CAF0044CEEF /* RegisterViewController.swift */ = {isa = PBXFileReference; lastKnownFileType = sourcecode.swift; name = RegisterViewController.swift; path = SocialProject/RegisterViewController.swift; sourceTree = "<group>"; };
		CD06F86A1E5D2CAF0044CEEF /* Base */ = {isa = PBXFileReference; lastKnownFileType = file.storyboard; name = Base; path = Base.lproj/Main.storyboard; sourceTree = "<group>"; };
		CD06F86C1E5D2CAF0044CEEF /* Assets.xcassets */ = {isa = PBXFileReference; lastKnownFileType = folder.assetcatalog; path = Assets.xcassets; sourceTree = "<group>"; };
		CD06F86F1E5D2CAF0044CEEF /* Base */ = {isa = PBXFileReference; lastKnownFileType = file.storyboard; name = Base; path = Base.lproj/LaunchScreen.storyboard; sourceTree = "<group>"; };
		CD06F8711E5D2CAF0044CEEF /* Info.plist */ = {isa = PBXFileReference; lastKnownFileType = text.plist.xml; path = Info.plist; sourceTree = "<group>"; };
		CD06F8771E5DC3F60044CEEF /* RVC_BG.jpg */ = {isa = PBXFileReference; lastKnownFileType = image.jpeg; path = RVC_BG.jpg; sourceTree = "<group>"; };
		CDC82BFD1E6DF79400AD8BAA /* LoginViewController.swift */ = {isa = PBXFileReference; fileEncoding = 4; lastKnownFileType = sourcecode.swift; path = LoginViewController.swift; sourceTree = "<group>"; };
		CDC82BFF1E6DF7E100AD8BAA /* HomeViewController.swift */ = {isa = PBXFileReference; fileEncoding = 4; lastKnownFileType = sourcecode.swift; path = HomeViewController.swift; sourceTree = "<group>"; };
		CDC82C011E6DF7FA00AD8BAA /* SettingsViewController.swift */ = {isa = PBXFileReference; fileEncoding = 4; lastKnownFileType = sourcecode.swift; path = SettingsViewController.swift; sourceTree = "<group>"; };
		CDC82C031E6DFE4400AD8BAA /* RecoverPasswordViewController.swift */ = {isa = PBXFileReference; fileEncoding = 4; lastKnownFileType = sourcecode.swift; path = RecoverPasswordViewController.swift; sourceTree = "<group>"; };
/* End PBXFileReference section */

/* Begin PBXFrameworksBuildPhase section */
		CD06F85F1E5D2CAF0044CEEF /* Frameworks */ = {
			isa = PBXFrameworksBuildPhase;
			buildActionMask = 2147483647;
			files = (
			);
			runOnlyForDeploymentPostprocessing = 0;
		};
/* End PBXFrameworksBuildPhase section */

/* Begin PBXGroup section */
		CD06F8591E5D2CAF0044CEEF = {
			isa = PBXGroup;
			children = (
				CDC82BFC1E6DF77200AD8BAA /* ViewController */,
				CD06F8641E5D2CAF0044CEEF /* SocialProject */,
				CD06F8631E5D2CAF0044CEEF /* Products */,
			);
			sourceTree = "<group>";
		};
		CD06F8631E5D2CAF0044CEEF /* Products */ = {
			isa = PBXGroup;
			children = (
				CD06F8621E5D2CAF0044CEEF /* SocialProject.app */,
			);
			name = Products;
			sourceTree = "<group>";
		};
		CD06F8641E5D2CAF0044CEEF /* SocialProject */ = {
			isa = PBXGroup;
			children = (
				CD06F8791E5DC4210044CEEF /* images */,
				CD06F8651E5D2CAF0044CEEF /* AppDelegate.swift */,
				CD06F8691E5D2CAF0044CEEF /* Main.storyboard */,
				CD06F86C1E5D2CAF0044CEEF /* Assets.xcassets */,
				CD06F86E1E5D2CAF0044CEEF /* LaunchScreen.storyboard */,
				CD06F8711E5D2CAF0044CEEF /* Info.plist */,
			);
			path = SocialProject;
			sourceTree = "<group>";
		};
		CD06F8791E5DC4210044CEEF /* images */ = {
			isa = PBXGroup;
			children = (
				CD06F8771E5DC3F60044CEEF /* RVC_BG.jpg */,
			);
			name = images;
			sourceTree = "<group>";
		};
		CDC82BFC1E6DF77200AD8BAA /* ViewController */ = {
			isa = PBXGroup;
			children = (
				CD06F8671E5D2CAF0044CEEF /* RegisterViewController.swift */,
				CDC82BFD1E6DF79400AD8BAA /* LoginViewController.swift */,
				CDC82BFF1E6DF7E100AD8BAA /* HomeViewController.swift */,
				CDC82C011E6DF7FA00AD8BAA /* SettingsViewController.swift */,
				CDC82C031E6DFE4400AD8BAA /* RecoverPasswordViewController.swift */,
			);
			name = ViewController;
			sourceTree = "<group>";
		};
/* End PBXGroup section */

/* Begin PBXNativeTarget section */
		CD06F8611E5D2CAF0044CEEF /* SocialProject */ = {
			isa = PBXNativeTarget;
			buildConfigurationList = CD06F8741E5D2CAF0044CEEF /* Build configuration list for PBXNativeTarget "SocialProject" */;
			buildPhases = (
				CD06F85E1E5D2CAF0044CEEF /* Sources */,
				CD06F85F1E5D2CAF0044CEEF /* Frameworks */,
				CD06F8601E5D2CAF0044CEEF /* Resources */,
			);
			buildRules = (
			);
			dependencies = (
			);
			name = SocialProject;
			productName = SocialProject;
			productReference = CD06F8621E5D2CAF0044CEEF /* SocialProject.app */;
			productType = "com.apple.product-type.application";
		};
/* End PBXNativeTarget section */

/* Begin PBXProject section */
		CD06F85A1E5D2CAF0044CEEF /* Project object */ = {
			isa = PBXProject;
			attributes = {
				LastSwiftUpdateCheck = 0820;
				LastUpgradeCheck = 0820;
				ORGANIZATIONNAME = Santosplb;
				TargetAttributes = {
					CD06F8611E5D2CAF0044CEEF = {
						CreatedOnToolsVersion = 8.2.1;
						ProvisioningStyle = Automatic;
					};
				};
			};
			buildConfigurationList = CD06F85D1E5D2CAF0044CEEF /* Build configuration list for PBXProject "SocialProject" */;
			compatibilityVersion = "Xcode 3.2";
			developmentRegion = English;
			hasScannedForEncodings = 0;
			knownRegions = (
				en,
				Base,
			);
			mainGroup = CD06F8591E5D2CAF0044CEEF;
			productRefGroup = CD06F8631E5D2CAF0044CEEF /* Products */;
			projectDirPath = "";
			projectRoot = "";
			targets = (
				CD06F8611E5D2CAF0044CEEF /* SocialProject */,
			);
		};
/* End PBXProject section */

/* Begin PBXResourcesBuildPhase section */
		CD06F8601E5D2CAF0044CEEF /* Resources */ = {
			isa = PBXResourcesBuildPhase;
			buildActionMask = 2147483647;
			files = (
				CD06F8781E5DC3F60044CEEF /* RVC_BG.jpg in Resources */,
				CD06F8701E5D2CAF0044CEEF /* LaunchScreen.storyboard in Resources */,
				CD06F86D1E5D2CAF0044CEEF /* Assets.xcassets in Resources */,
				CD06F86B1E5D2CAF0044CEEF /* Main.storyboard in Resources */,
			);
			runOnlyForDeploymentPostprocessing = 0;
		};
/* End PBXResourcesBuildPhase section */

/* Begin PBXSourcesBuildPhase section */
		CD06F85E1E5D2CAF0044CEEF /* Sources */ = {
			isa = PBXSourcesBuildPhase;
			buildActionMask = 2147483647;
			files = (
				CDC82C041E6DFE4400AD8BAA /* RecoverPasswordViewController.swift in Sources */,
				CDC82BFE1E6DF79400AD8BAA /* LoginViewController.swift in Sources */,
				CD06F8681E5D2CAF0044CEEF /* RegisterViewController.swift in Sources */,
				CD06F8661E5D2CAF0044CEEF /* AppDelegate.swift in Sources */,
				CDC82C021E6DF7FA00AD8BAA /* SettingsViewController.swift in Sources */,
				CDC82C001E6DF7E100AD8BAA /* HomeViewController.swift in Sources */,
			);
			runOnlyForDeploymentPostprocessing = 0;
		};
/* End PBXSourcesBuildPhase section */

/* Begin PBXVariantGroup section */
		CD06F8691E5D2CAF0044CEEF /* Main.storyboard */ = {
			isa = PBXVariantGroup;
			children = (
				CD06F86A1E5D2CAF0044CEEF /* Base */,
			);
			name = Main.storyboard;
			sourceTree = "<group>";
		};
		CD06F86E1E5D2CAF0044CEEF /* LaunchScreen.storyboard */ = {
			isa = PBXVariantGroup;
			children = (
				CD06F86F1E5D2CAF0044CEEF /* Base */,
			);
			name = LaunchScreen.storyboard;
			sourceTree = "<group>";
		};
/* End PBXVariantGroup section */

/* Begin XCBuildConfiguration section */
		CD06F8721E5D2CAF0044CEEF /* Debug */ = {
			isa = XCBuildConfiguration;
			buildSettings = {
				ALWAYS_SEARCH_USER_PATHS = NO;
				CLANG_ANALYZER_NONNULL = YES;
				CLANG_CXX_LANGUAGE_STANDARD = "gnu++0x";
				CLANG_CXX_LIBRARY = "libc++";
				CLANG_ENABLE_MODULES = YES;
				CLANG_ENABLE_OBJC_ARC = YES;
				CLANG_WARN_BOOL_CONVERSION = YES;
				CLANG_WARN_CONSTANT_CONVERSION = YES;
				CLANG_WARN_DIRECT_OBJC_ISA_USAGE = YES_ERROR;
				CLANG_WARN_DOCUMENTATION_COMMENTS = YES;
				CLANG_WARN_EMPTY_BODY = YES;
				CLANG_WARN_ENUM_CONVERSION = YES;
				CLANG_WARN_INFINITE_RECURSION = YES;
				CLANG_WARN_INT_CONVERSION = YES;
				CLANG_WARN_OBJC_ROOT_CLASS = YES_ERROR;
				CLANG_WARN_SUSPICIOUS_MOVE = YES;
				CLANG_WARN_UNREACHABLE_CODE = YES;
				CLANG_WARN__DUPLICATE_METHOD_MATCH = YES;
				"CODE_SIGN_IDENTITY[sdk=iphoneos*]" = "iPhone Developer";
				COPY_PHASE_STRIP = NO;
				DEBUG_INFORMATION_FORMAT = dwarf;
				ENABLE_STRICT_OBJC_MSGSEND = YES;
				ENABLE_TESTABILITY = YES;
				GCC_C_LANGUAGE_STANDARD = gnu99;
				GCC_DYNAMIC_NO_PIC = NO;
				GCC_NO_COMMON_BLOCKS = YES;
				GCC_OPTIMIZATION_LEVEL = 0;
				GCC_PREPROCESSOR_DEFINITIONS = (
					"DEBUG=1",
					"$(inherited)",
				);
				GCC_WARN_64_TO_32_BIT_CONVERSION = YES;
				GCC_WARN_ABOUT_RETURN_TYPE = YES_ERROR;
				GCC_WARN_UNDECLARED_SELECTOR = YES;
				GCC_WARN_UNINITIALIZED_AUTOS = YES_AGGRESSIVE;
				GCC_WARN_UNUSED_FUNCTION = YES;
				GCC_WARN_UNUSED_VARIABLE = YES;
				IPHONEOS_DEPLOYMENT_TARGET = 10.2;
				MTL_ENABLE_DEBUG_INFO = YES;
				ONLY_ACTIVE_ARCH = YES;
				SDKROOT = iphoneos;
				SWIFT_ACTIVE_COMPILATION_CONDITIONS = DEBUG;
				SWIFT_OPTIMIZATION_LEVEL = "-Onone";
				TARGETED_DEVICE_FAMILY = "1,2";
			};
			name = Debug;
		};
		CD06F8731E5D2CAF0044CEEF /* Release */ = {
			isa = XCBuildConfiguration;
			buildSettings = {
				ALWAYS_SEARCH_USER_PATHS = NO;
				CLANG_ANALYZER_NONNULL = YES;
				CLANG_CXX_LANGUAGE_STANDARD = "gnu++0x";
				CLANG_CXX_LIBRARY = "libc++";
				CLANG_ENABLE_MODULES = YES;
				CLANG_ENABLE_OBJC_ARC = YES;
				CLANG_WARN_BOOL_CONVERSION = YES;
				CLANG_WARN_CONSTANT_CONVERSION = YES;
				CLANG_WARN_DIRECT_OBJC_ISA_USAGE = YES_ERROR;
				CLANG_WARN_DOCUMENTATION_COMMENTS = YES;
				CLANG_WARN_EMPTY_BODY = YES;
				CLANG_WARN_ENUM_CONVERSION = YES;
				CLANG_WARN_INFINITE_RECURSION = YES;
				CLANG_WARN_INT_CONVERSION = YES;
				CLANG_WARN_OBJC_ROOT_CLASS = YES_ERROR;
				CLANG_WARN_SUSPICIOUS_MOVE = YES;
				CLANG_WARN_UNREACHABLE_CODE = YES;
				CLANG_WARN__DUPLICATE_METHOD_MATCH = YES;
				"CODE_SIGN_IDENTITY[sdk=iphoneos*]" = "iPhone Developer";
				COPY_PHASE_STRIP = NO;
				DEBUG_INFORMATION_FORMAT = "dwarf-with-dsym";
				ENABLE_NS_ASSERTIONS = NO;
				ENABLE_STRICT_OBJC_MSGSEND = YES;
				GCC_C_LANGUAGE_STANDARD = gnu99;
				GCC_NO_COMMON_BLOCKS = YES;
				GCC_WARN_64_TO_32_BIT_CONVERSION = YES;
				GCC_WARN_ABOUT_RETURN_TYPE = YES_ERROR;
				GCC_WARN_UNDECLARED_SELECTOR = YES;
				GCC_WARN_UNINITIALIZED_AUTOS = YES_AGGRESSIVE;
				GCC_WARN_UNUSED_FUNCTION = YES;
				GCC_WARN_UNUSED_VARIABLE = YES;
				IPHONEOS_DEPLOYMENT_TARGET = 10.2;
				MTL_ENABLE_DEBUG_INFO = NO;
				SDKROOT = iphoneos;
				SWIFT_OPTIMIZATION_LEVEL = "-Owholemodule";
				TARGETED_DEVICE_FAMILY = "1,2";
				VALIDATE_PRODUCT = YES;
			};
			name = Release;
		};
		CD06F8751E5D2CAF0044CEEF /* Debug */ = {
			isa = XCBuildConfiguration;
			buildSettings = {
				ASSETCATALOG_COMPILER_APPICON_NAME = AppIcon;
				INFOPLIST_FILE = SocialProject/Info.plist;
				IPHONEOS_DEPLOYMENT_TARGET = 8.0;
				LD_RUNPATH_SEARCH_PATHS = "$(inherited) @executable_path/Frameworks";
				PRODUCT_BUNDLE_IDENTIFIER = santosplb.SocialProject;
				PRODUCT_NAME = "$(TARGET_NAME)";
				SWIFT_VERSION = 3.0;
			};
			name = Debug;
		};
		CD06F8761E5D2CAF0044CEEF /* Release */ = {
			isa = XCBuildConfiguration;
			buildSettings = {
				ASSETCATALOG_COMPILER_APPICON_NAME = AppIcon;
				INFOPLIST_FILE = SocialProject/Info.plist;
				IPHONEOS_DEPLOYMENT_TARGET = 8.0;
				LD_RUNPATH_SEARCH_PATHS = "$(inherited) @executable_path/Frameworks";
				PRODUCT_BUNDLE_IDENTIFIER = santosplb.SocialProject;
				PRODUCT_NAME = "$(TARGET_NAME)";
				SWIFT_VERSION = 3.0;
			};
			name = Release;
		};
/* End XCBuildConfiguration section */

/* Begin XCConfigurationList section */
		CD06F85D1E5D2CAF0044CEEF /* Build configuration list for PBXProject "SocialProject" */ = {
			isa = XCConfigurationList;
			buildConfigurations = (
				CD06F8721E5D2CAF0044CEEF /* Debug */,
				CD06F8731E5D2CAF0044CEEF /* Release */,
			);
			defaultConfigurationIsVisible = 0;
			defaultConfigurationName = Release;
		};
		CD06F8741E5D2CAF0044CEEF /* Build configuration list for PBXNativeTarget "SocialProject" */ = {
			isa = XCConfigurationList;
			buildConfigurations = (
				CD06F8751E5D2CAF0044CEEF /* Debug */,
				CD06F8761E5D2CAF0044CEEF /* Release */,
			);
			defaultConfigurationIsVisible = 0;
			defaultConfigurationName = Release;
		};
/* End XCConfigurationList section */
	};
	rootObject = CD06F85A1E5D2CAF0044CEEF /* Project object */;
}
